
Microsoft Visual Studio Solution File, Format Version 11.00
# Visual Studio 2010
Project("{8BC9CEB8-8B4A-11D0-8D11-00A0C91BC942}") = "2019.8.20", "2019.8.20\2019.8.20.vcxproj", "{48F3CE20-2A36-4122-BF0D-8D518978966A}"
EndProject
Global
	GlobalSection(SolutionConfigurationPlatforms) = preSolution
		Debug|Win32 = Debug|Win32
		Release|Win32 = Release|Win32
	EndGlobalSection
	GlobalSection(ProjectConfigurationPlatforms) = postSolution
		{48F3CE20-2A36-4122-BF0D-8D518978966A}.Debug|Win32.ActiveCfg = Debug|Win32
		{48F3CE20-2A36-4122-BF0D-8D518978966A}.Debug|Win32.Build.0 = Debug|Win32
		{48F3CE20-2A36-4122-BF0D-8D518978966A}.Release|Win32.ActiveCfg = Release|Win32
		{48F3CE20-2A36-4122-BF0D-8D518978966A}.Release|Win32.Build.0 = Release|Win32
	EndGlobalSection
	GlobalSection(SolutionProperties) = preSolution
		HideSolutionNode = FALSE
	EndGlobalSection
EndGlobal
