
Microsoft Visual Studio Solution File, Format Version 11.00
# Visual Studio 2010
Project("{8BC9CEB8-8B4A-11D0-8D11-00A0C91BC942}") = "2019.9.18", "2019.9.18\2019.9.18.vcxproj", "{ADFC6F09-351E-4172-B7BE-9C384D0DB23A}"
EndProject
Global
	GlobalSection(SolutionConfigurationPlatforms) = preSolution
		Debug|Win32 = Debug|Win32
		Release|Win32 = Release|Win32
	EndGlobalSection
	GlobalSection(ProjectConfigurationPlatforms) = postSolution
		{ADFC6F09-351E-4172-B7BE-9C384D0DB23A}.Debug|Win32.ActiveCfg = Debug|Win32
		{ADFC6F09-351E-4172-B7BE-9C384D0DB23A}.Debug|Win32.Build.0 = Debug|Win32
		{ADFC6F09-351E-4172-B7BE-9C384D0DB23A}.Release|Win32.ActiveCfg = Release|Win32
		{ADFC6F09-351E-4172-B7BE-9C384D0DB23A}.Release|Win32.Build.0 = Release|Win32
	EndGlobalSection
	GlobalSection(SolutionProperties) = preSolution
		HideSolutionNode = FALSE
	EndGlobalSection
EndGlobal
